// !$*UTF8*$!
{
	archiveVersion = 1;
	classes = {
	};
	objectVersion = 56;
	objects = {

/* Begin PBXBuildFile section */
		60A816F62F9B4BF100763131 /* AppDelegate.m in Sources */ = {isa = PBXBuildFile; fileRef = 60A816F52F9B4BF100763131 /* AppDelegate.m */; };
		60A816F92F9B4BF100763131 /* SceneDelegate.m in Sources */ = {isa = PBXBuildFile; fileRef = 60A816F82F9B4BF100763131 /* SceneDelegate.m */; };
		60A816FC2F9B4BF100763131 /* ViewController.m in Sources */ = {isa = PBXBuildFile; fileRef = 60A816FB2F9B4BF100763131 /* ViewController.m */; };
		60A816FF2F9B4BF100763131 /* Main.storyboard in Resources */ = {isa = PBXBuildFile; fileRef = 60A816FD2F9B4BF100763131 /* Main.storyboard */; };
		60A817012F9B4BF300763131 /* Assets.xcassets in Resources */ = {isa = PBXBuildFile; fileRef = 60A817002F9B4BF300763131 /* Assets.xcassets */; };
		60A817042F9B4BF300763131 /* LaunchScreen.storyboard in Resources */ = {isa = PBXBuildFile; fileRef = 60A817022F9B4BF300763131 /* LaunchScreen.storyboard */; };
		60A817072F9B4BF300763131 /* main.m in Sources */ = {isa = PBXBuildFile; fileRef = 60A817062F9B4BF300763131 /* main.m */; };
		60A817112F9B4BF300763131 /* zipDocumentsTests.m in Sources */ = {isa = PBXBuildFile; fileRef = 60A817102F9B4BF300763131 /* zipDocumentsTests.m */; };
		60A8171B2F9B4BF300763131 /* zipDocumentsUITests.m in Sources */ = {isa = PBXBuildFile; fileRef = 60A8171A2F9B4BF300763131 /* zipDocumentsUITests.m */; };
		60A8171D2F9B4BF300763131 /* zipDocumentsUITestsLaunchTests.m in Sources */ = {isa = PBXBuildFile; fileRef = 60A8171C2F9B4BF300763131 /* zipDocumentsUITestsLaunchTests.m */; };
		60A817382F9B4D5400763131 /* SandboxTool.m in Sources */ = {isa = PBXBuildFile; fileRef = 60A817372F9B4D5400763131 /* SandboxTool.m */; };
		60A8173B2F9B4D8000763131 /* ZipTool.m in Sources */ = {isa = PBXBuildFile; fileRef = 60A8173A2F9B4D8000763131 /* ZipTool.m */; };
		60A8173E2F9B4DA300763131 /* SandboxCleaner.m in Sources */ = {isa = PBXBuildFile; fileRef = 60A8173D2F9B4DA300763131 /* SandboxCleaner.m */; };
		60A817422F9B4DDE00763131 /* SandboxRuleModel.m in Sources */ = {isa = PBXBuildFile; fileRef = 60A817412F9B4DDE00763131 /* SandboxRuleModel.m */; };
		60A817452F9B4DE800763131 /* RuleEngine.m in Sources */ = {isa = PBXBuildFile; fileRef = 60A817442F9B4DE800763131 /* RuleEngine.m */; };
		60A817482F9B4DF200763131 /* RuleManager.m in Sources */ = {isa = PBXBuildFile; fileRef = 60A817472F9B4DF200763131 /* RuleManager.m */; };
		60A8174C2F9B4E0800763131 /* BackupModel.m in Sources */ = {isa = PBXBuildFile; fileRef = 60A8174B2F9B4E0800763131 /* BackupModel.m */; };
		60A8174F2F9B4E1300763131 /* BackupManager.m in Sources */ = {isa = PBXBuildFile; fileRef = 60A8174E2F9B4E1300763131 /* BackupManager.m */; };
		60A817532F9B4E3800763131 /* SandboxMenuView.m in Sources */ = {isa = PBXBuildFile; fileRef = 60A817522F9B4E3800763131 /* SandboxMenuView.m */; };
		60A817592F9B4E5900763131 /* BackupListVC.m in Sources */ = {isa = PBXBuildFile; fileRef = 60A817582F9B4E5900763131 /* BackupListVC.m */; };
		60A8175C2F9B4E6A00763131 /* RuleListVC.m in Sources */ = {isa = PBXBuildFile; fileRef = 60A8175B2F9B4E6A00763131 /* RuleListVC.m */; };
		60A8176F2F9B501900763131 /* SVRadialGradientLayer.m in Sources */ = {isa = PBXBuildFile; fileRef = 60A817652F9B501900763131 /* SVRadialGradientLayer.m */; };
		60A817702F9B501900763131 /* SVProgressAnimatedView.m in Sources */ = {isa = PBXBuildFile; fileRef = 60A817692F9B501900763131 /* SVProgressAnimatedView.m */; };
		60A817712F9B501900763131 /* SVProgressHUD.m in Sources */ = {isa = PBXBuildFile; fileRef = 60A8176C2F9B501900763131 /* SVProgressHUD.m */; };
		60A817722F9B501900763131 /* SVIndefiniteAnimatedView.m in Sources */ = {isa = PBXBuildFile; fileRef = 60A8176D2F9B501900763131 /* SVIndefiniteAnimatedView.m */; };
		60A817752F9B542500763131 /* AddRuleViewController.m in Sources */ = {isa = PBXBuildFile; fileRef = 60A817742F9B542500763131 /* AddRuleViewController.m */; };
		60A817842F9B58B900763131 /* unzip.c in Sources */ = {isa = PBXBuildFile; fileRef = 60A817782F9B58B900763131 /* unzip.c */; };
		60A817852F9B58B900763131 /* zip.c in Sources */ = {isa = PBXBuildFile; fileRef = 60A817792F9B58B900763131 /* zip.c */; };
		60A817862F9B58B900763131 /* ioapi.c in Sources */ = {isa = PBXBuildFile; fileRef = 60A8177A2F9B58B900763131 /* ioapi.c */; };
		60A817872F9B58B900763131 /* mztools.c in Sources */ = {isa = PBXBuildFile; fileRef = 60A8177B2F9B58B900763131 /* mztools.c */; };
		60A817882F9B58B900763131 /* SSZipArchive.m in Sources */ = {isa = PBXBuildFile; fileRef = 60A817832F9B58B900763131 /* SSZipArchive.m */; };
		60A81AA82F9BB64600763131 /* TopGestureManager.m in Sources */ = {isa = PBXBuildFile; fileRef = 60A81AA62F9BB64500763131 /* TopGestureManager.m */; };
/* End PBXBuildFile section */

/* Begin PBXContainerItemProxy section */
		60A8170D2F9B4BF300763131 /* PBXContainerItemProxy */ = {
			isa = PBXContainerItemProxy;
			containerPortal = 60A816E92F9B4BF100763131 /* Project object */;
			proxyType = 1;
			remoteGlobalIDString = 60A816F02F9B4BF100763131;
			remoteInfo = zipDocuments;
		};
		60A817172F9B4BF300763131 /* PBXContainerItemProxy */ = {
			isa = PBXContainerItemProxy;
			containerPortal = 60A816E92F9B4BF100763131 /* Project object */;
			proxyType = 1;
			remoteGlobalIDString = 60A816F02F9B4BF100763131;
			remoteInfo = zipDocuments;
		};
/* End PBXContainerItemProxy section */

/* Begin PBXFileReference section */
		60A816F12F9B4BF100763131 /* zipDocuments.app */ = {isa = PBXFileReference; explicitFileType = wrapper.application; includeInIndex = 0; path = zipDocuments.app; sourceTree = BUILT_PRODUCTS_DIR; };
		60A816F42F9B4BF100763131 /* AppDelegate.h */ = {isa = PBXFileReference; lastKnownFileType = sourcecode.c.h; path = AppDelegate.h; sourceTree = "<group>"; };
		60A816F52F9B4BF100763131 /* AppDelegate.m */ = {isa = PBXFileReference; lastKnownFileType = sourcecode.c.objc; path = AppDelegate.m; sourceTree = "<group>"; };
		60A816F72F9B4BF100763131 /* SceneDelegate.h */ = {isa = PBXFileReference; lastKnownFileType = sourcecode.c.h; path = SceneDelegate.h; sourceTree = "<group>"; };
		60A816F82F9B4BF100763131 /* SceneDelegate.m */ = {isa = PBXFileReference; lastKnownFileType = sourcecode.c.objc; path = SceneDelegate.m; sourceTree = "<group>"; };
		60A816FA2F9B4BF100763131 /* ViewController.h */ = {isa = PBXFileReference; lastKnownFileType = sourcecode.c.h; path = ViewController.h; sourceTree = "<group>"; };
		60A816FB2F9B4BF100763131 /* ViewController.m */ = {isa = PBXFileReference; lastKnownFileType = sourcecode.c.objc; path = ViewController.m; sourceTree = "<group>"; };
		60A816FE2F9B4BF100763131 /* Base */ = {isa = PBXFileReference; lastKnownFileType = file.storyboard; name = Base; path = Base.lproj/Main.storyboard; sourceTree = "<group>"; };
		60A817002F9B4BF300763131 /* Assets.xcassets */ = {isa = PBXFileReference; lastKnownFileType = folder.assetcatalog; path = Assets.xcassets; sourceTree = "<group>"; };
		60A817032F9B4BF300763131 /* Base */ = {isa = PBXFileReference; lastKnownFileType = file.storyboard; name = Base; path = Base.lproj/LaunchScreen.storyboard; sourceTree = "<group>"; };
		60A817052F9B4BF300763131 /* Info.plist */ = {isa = PBXFileReference; lastKnownFileType = text.plist.xml; path = Info.plist; sourceTree = "<group>"; };
		60A817062F9B4BF300763131 /* main.m */ = {isa = PBXFileReference; lastKnownFileType = sourcecode.c.objc; path = main.m; sourceTree = "<group>"; };
		60A8170C2F9B4BF300763131 /* zipDocumentsTests.xctest */ = {isa = PBXFileReference; explicitFileType = wrapper.cfbundle; includeInIndex = 0; path = zipDocumentsTests.xctest; sourceTree = BUILT_PRODUCTS_DIR; };
		60A817102F9B4BF300763131 /* zipDocumentsTests.m */ = {isa = PBXFileReference; lastKnownFileType = sourcecode.c.objc; path = zipDocumentsTests.m; sourceTree = "<group>"; };
		60A817162F9B4BF300763131 /* zipDocumentsUITests.xctest */ = {isa = PBXFileReference; explicitFileType = wrapper.cfbundle; includeInIndex = 0; path = zipDocumentsUITests.xctest; sourceTree = BUILT_PRODUCTS_DIR; };
		60A8171A2F9B4BF300763131 /* zipDocumentsUITests.m */ = {isa = PBXFileReference; lastKnownFileType = sourcecode.c.objc; path = zipDocumentsUITests.m; sourceTree = "<group>"; };
		60A8171C2F9B4BF300763131 /* zipDocumentsUITestsLaunchTests.m */ = {isa = PBXFileReference; lastKnownFileType = sourcecode.c.objc; path = zipDocumentsUITestsLaunchTests.m; sourceTree = "<group>"; };
		60A817342F9B4D2B00763131 /* SandboxKit.h */ = {isa = PBXFileReference; lastKnownFileType = sourcecode.c.h; path = SandboxKit.h; sourceTree = "<group>"; };
		60A817362F9B4D5400763131 /* SandboxTool.h */ = {isa = PBXFileReference; lastKnownFileType = sourcecode.c.h; path = SandboxTool.h; sourceTree = "<group>"; };
		60A817372F9B4D5400763131 /* SandboxTool.m */ = {isa = PBXFileReference; lastKnownFileType = sourcecode.c.objc; path = SandboxTool.m; sourceTree = "<group>"; };
		60A817392F9B4D8000763131 /* ZipTool.h */ = {isa = PBXFileReference; lastKnownFileType = sourcecode.c.h; path = ZipTool.h; sourceTree = "<group>"; };
		60A8173A2F9B4D8000763131 /* ZipTool.m */ = {isa = PBXFileReference; lastKnownFileType = sourcecode.c.objc; path = ZipTool.m; sourceTree = "<group>"; };
		60A8173C2F9B4DA300763131 /* SandboxCleaner.h */ = {isa = PBXFileReference; lastKnownFileType = sourcecode.c.h; path = SandboxCleaner.h; sourceTree = "<group>"; };
		60A8173D2F9B4DA300763131 /* SandboxCleaner.m */ = {isa = PBXFileReference; lastKnownFileType = sourcecode.c.objc; path = SandboxCleaner.m; sourceTree = "<group>"; };
		60A817402F9B4DDE00763131 /* SandboxRuleModel.h */ = {isa = PBXFileReference; lastKnownFileType = sourcecode.c.h; path = SandboxRuleModel.h; sourceTree = "<group>"; };
		60A817412F9B4DDE00763131 /* SandboxRuleModel.m */ = {isa = PBXFileReference; lastKnownFileType = sourcecode.c.objc; path = SandboxRuleModel.m; sourceTree = "<group>"; };
		60A817432F9B4DE800763131 /* RuleEngine.h */ = {isa = PBXFileReference; lastKnownFileType = sourcecode.c.h; path = RuleEngine.h; sourceTree = "<group>"; };
		60A817442F9B4DE800763131 /* RuleEngine.m */ = {isa = PBXFileReference; lastKnownFileType = sourcecode.c.objc; path = RuleEngine.m; sourceTree = "<group>"; };
		60A817462F9B4DF200763131 /* RuleManager.h */ = {isa = PBXFileReference; lastKnownFileType = sourcecode.c.h; path = RuleManager.h; sourceTree = "<group>"; };
		60A817472F9B4DF200763131 /* RuleManager.m */ = {isa = PBXFileReference; lastKnownFileType = sourcecode.c.objc; path = RuleManager.m; sourceTree = "<group>"; };
		60A8174A2F9B4E0800763131 /* BackupModel.h */ = {isa = PBXFileReference; lastKnownFileType = sourcecode.c.h; path = BackupModel.h; sourceTree = "<group>"; };
		60A8174B2F9B4E0800763131 /* BackupModel.m */ = {isa = PBXFileReference; lastKnownFileType = sourcecode.c.objc; path = BackupModel.m; sourceTree = "<group>"; };
		60A8174D2F9B4E1300763131 /* BackupManager.h */ = {isa = PBXFileReference; lastKnownFileType = sourcecode.c.h; path = BackupManager.h; sourceTree = "<group>"; };
		60A8174E2F9B4E1300763131 /* BackupManager.m */ = {isa = PBXFileReference; lastKnownFileType = sourcecode.c.objc; path = BackupManager.m; sourceTree = "<group>"; };
		60A817512F9B4E3800763131 /* SandboxMenuView.h */ = {isa = PBXFileReference; lastKnownFileType = sourcecode.c.h; path = SandboxMenuView.h; sourceTree = "<group>"; };
		60A817522F9B4E3800763131 /* SandboxMenuView.m */ = {isa = PBXFileReference; lastKnownFileType = sourcecode.c.objc; path = SandboxMenuView.m; sourceTree = "<group>"; };
		60A817572F9B4E5900763131 /* BackupListVC.h */ = {isa = PBXFileReference; lastKnownFileType = sourcecode.c.h; path = BackupListVC.h; sourceTree = "<group>"; };
		60A817582F9B4E5900763131 /* BackupListVC.m */ = {isa = PBXFileReference; lastKnownFileType = sourcecode.c.objc; path = BackupListVC.m; sourceTree = "<group>"; };
		60A8175A2F9B4E6A00763131 /* RuleListVC.h */ = {isa = PBXFileReference; lastKnownFileType = sourcecode.c.h; path = RuleListVC.h; sourceTree = "<group>"; };
		60A8175B2F9B4E6A00763131 /* RuleListVC.m */ = {isa = PBXFileReference; lastKnownFileType = sourcecode.c.objc; path = RuleListVC.m; sourceTree = "<group>"; };
		60A817652F9B501900763131 /* SVRadialGradientLayer.m */ = {isa = PBXFileReference; fileEncoding = 4; lastKnownFileType = sourcecode.c.objc; path = SVRadialGradientLayer.m; sourceTree = "<group>"; };
		60A817662F9B501900763131 /* SVIndefiniteAnimatedView.h */ = {isa = PBXFileReference; fileEncoding = 4; lastKnownFileType = sourcecode.c.h; path = SVIndefiniteAnimatedView.h; sourceTree = "<group>"; };
		60A817672F9B501900763131 /* SVProgressHUD.h */ = {isa = PBXFileReference; fileEncoding = 4; lastKnownFileType = sourcecode.c.h; path = SVProgressHUD.h; sourceTree = "<group>"; };
		60A817692F9B501900763131 /* SVProgressAnimatedView.m */ = {isa = PBXFileReference; fileEncoding = 4; lastKnownFileType = sourcecode.c.objc; path = SVProgressAnimatedView.m; sourceTree = "<group>"; };
		60A8176A2F9B501900763131 /* SVProgressHUD-Prefix.pch */ = {isa = PBXFileReference; fileEncoding = 4; lastKnownFileType = sourcecode.c.h; path = "SVProgressHUD-Prefix.pch"; sourceTree = "<group>"; };
		60A8176B2F9B501900763131 /* SVRadialGradientLayer.h */ = {isa = PBXFileReference; fileEncoding = 4; lastKnownFileType = sourcecode.c.h; path = SVRadialGradientLayer.h; sourceTree = "<group>"; };
		60A8176C2F9B501900763131 /* SVProgressHUD.m */ = {isa = PBXFileReference; fileEncoding = 4; lastKnownFileType = sourcecode.c.objc; path = SVProgressHUD.m; sourceTree = "<group>"; };
		60A8176D2F9B501900763131 /* SVIndefiniteAnimatedView.m */ = {isa = PBXFileReference; fileEncoding = 4; lastKnownFileType = sourcecode.c.objc; path = SVIndefiniteAnimatedView.m; sourceTree = "<group>"; };
		60A8176E2F9B501900763131 /* SVProgressAnimatedView.h */ = {isa = PBXFileReference; fileEncoding = 4; lastKnownFileType = sourcecode.c.h; path = SVProgressAnimatedView.h; sourceTree = "<group>"; };
		60A817732F9B542500763131 /* AddRuleViewController.h */ = {isa = PBXFileReference; lastKnownFileType = sourcecode.c.h; path = AddRuleViewController.h; sourceTree = "<group>"; };
		60A817742F9B542500763131 /* AddRuleViewController.m */ = {isa = PBXFileReference; lastKnownFileType = sourcecode.c.objc; path = AddRuleViewController.m; sourceTree = "<group>"; };
		60A817782F9B58B900763131 /* unzip.c */ = {isa = PBXFileReference; fileEncoding = 4; lastKnownFileType = sourcecode.c.c; path = unzip.c; sourceTree = "<group>"; };
		60A817792F9B58B900763131 /* zip.c */ = {isa = PBXFileReference; fileEncoding = 4; lastKnownFileType = sourcecode.c.c; path = zip.c; sourceTree = "<group>"; };
		60A8177A2F9B58B900763131 /* ioapi.c */ = {isa = PBXFileReference; fileEncoding = 4; lastKnownFileType = sourcecode.c.c; path = ioapi.c; sourceTree = "<group>"; };
		60A8177B2F9B58B900763131 /* mztools.c */ = {isa = PBXFileReference; fileEncoding = 4; lastKnownFileType = sourcecode.c.c; path = mztools.c; sourceTree = "<group>"; };
		60A8177C2F9B58B900763131 /* crypt.h */ = {isa = PBXFileReference; fileEncoding = 4; lastKnownFileType = sourcecode.c.h; path = crypt.h; sourceTree = "<group>"; };
		60A8177D2F9B58B900763131 /* zip.h */ = {isa = PBXFileReference; fileEncoding = 4; lastKnownFileType = sourcecode.c.h; path = zip.h; sourceTree = "<group>"; };
		60A8177E2F9B58B900763131 /* unzip.h */ = {isa = PBXFileReference; fileEncoding = 4; lastKnownFileType = sourcecode.c.h; path = unzip.h; sourceTree = "<group>"; };
		60A8177F2F9B58B900763131 /* mztools.h */ = {isa = PBXFileReference; fileEncoding = 4; lastKnownFileType = sourcecode.c.h; path = mztools.h; sourceTree = "<group>"; };
		60A817802F9B58B900763131 /* ioapi.h */ = {isa = PBXFileReference; fileEncoding = 4; lastKnownFileType = sourcecode.c.h; path = ioapi.h; sourceTree = "<group>"; };
		60A817812F9B58B900763131 /* SSZipArchive.h */ = {isa = PBXFileReference; fileEncoding = 4; lastKnownFileType = sourcecode.c.h; path = SSZipArchive.h; sourceTree = "<group>"; };
		60A817822F9B58B900763131 /* UNZip-Prefix.pch */ = {isa = PBXFileReference; fileEncoding = 4; lastKnownFileType = sourcecode.c.h; path = "UNZip-Prefix.pch"; sourceTree = "<group>"; };
		60A817832F9B58B900763131 /* SSZipArchive.m */ = {isa = PBXFileReference; fileEncoding = 4; lastKnownFileType = sourcecode.c.objc; path = SSZipArchive.m; sourceTree = "<group>"; };
		60A81AA62F9BB64500763131 /* TopGestureManager.m */ = {isa = PBXFileReference; fileEncoding = 4; lastKnownFileType = sourcecode.c.objc; path = TopGestureManager.m; sourceTree = "<group>"; };
		60A81AA72F9BB64600763131 /* TopGestureManager.h */ = {isa = PBXFileReference; fileEncoding = 4; lastKnownFileType = sourcecode.c.h; path = TopGestureManager.h; sourceTree = "<group>"; };
/* End PBXFileReference section */

/* Begin PBXFrameworksBuildPhase section */
		60A816EE2F9B4BF100763131 /* Frameworks */ = {
			isa = PBXFrameworksBuildPhase;
			buildActionMask = 2147483647;
			files = (
			);
			runOnlyForDeploymentPostprocessing = 0;
		};
		60A817092F9B4BF300763131 /* Frameworks */ = {
			isa = PBXFrameworksBuildPhase;
			buildActionMask = 2147483647;
			files = (
			);
			runOnlyForDeploymentPostprocessing = 0;
		};
		60A817132F9B4BF300763131 /* Frameworks */ = {
			isa = PBXFrameworksBuildPhase;
			buildActionMask = 2147483647;
			files = (
			);
			runOnlyForDeploymentPostprocessing = 0;
		};
/* End PBXFrameworksBuildPhase section */

/* Begin PBXGroup section */
		60A816E82F9B4BF100763131 = {
			isa = PBXGroup;
			children = (
				60A816F32F9B4BF100763131 /* zipDocuments */,
				60A8170F2F9B4BF300763131 /* zipDocumentsTests */,
				60A817192F9B4BF300763131 /* zipDocumentsUITests */,
				60A816F22F9B4BF100763131 /* Products */,
			);
			sourceTree = "<group>";
		};
		60A816F22F9B4BF100763131 /* Products */ = {
			isa = PBXGroup;
			children = (
				60A816F12F9B4BF100763131 /* zipDocuments.app */,
				60A8170C2F9B4BF300763131 /* zipDocumentsTests.xctest */,
				60A817162F9B4BF300763131 /* zipDocumentsUITests.xctest */,
			);
			name = Products;
			sourceTree = "<group>";
		};
		60A816F32F9B4BF100763131 /* zipDocuments */ = {
			isa = PBXGroup;
			children = (
				60A817762F9B58B900763131 /* UNZip */,
				60A817642F9B501800763131 /* SVProgressHUD */,
				60A8175D2F9B4E7900763131 /* Inject */,
				60A817502F9B4E1B00763131 /* UI */,
				60A817492F9B4DFB00763131 /* Backup */,
				60A8173F2F9B4DCF00763131 /* Rule */,
				60A817352F9B4D4500763131 /* Core */,
				60A816F42F9B4BF100763131 /* AppDelegate.h */,
				60A816F52F9B4BF100763131 /* AppDelegate.m */,
				60A816F72F9B4BF100763131 /* SceneDelegate.h */,
				60A816F82F9B4BF100763131 /* SceneDelegate.m */,
				60A816FA2F9B4BF100763131 /* ViewController.h */,
				60A816FB2F9B4BF100763131 /* ViewController.m */,
				60A816FD2F9B4BF100763131 /* Main.storyboard */,
				60A817002F9B4BF300763131 /* Assets.xcassets */,
				60A817022F9B4BF300763131 /* LaunchScreen.storyboard */,
				60A817052F9B4BF300763131 /* Info.plist */,
				60A817062F9B4BF300763131 /* main.m */,
				60A817342F9B4D2B00763131 /* SandboxKit.h */,
			);
			path = zipDocuments;
			sourceTree = "<group>";
		};
		60A8170F2F9B4BF300763131 /* zipDocumentsTests */ = {
			isa = PBXGroup;
			children = (
				60A817102F9B4BF300763131 /* zipDocumentsTests.m */,
			);
			path = zipDocumentsTests;
			sourceTree = "<group>";
		};
		60A817192F9B4BF300763131 /* zipDocumentsUITests */ = {
			isa = PBXGroup;
			children = (
				60A8171A2F9B4BF300763131 /* zipDocumentsUITests.m */,
				60A8171C2F9B4BF300763131 /* zipDocumentsUITestsLaunchTests.m */,
			);
			path = zipDocumentsUITests;
			sourceTree = "<group>";
		};
		60A817352F9B4D4500763131 /* Core */ = {
			isa = PBXGroup;
			children = (
				60A817362F9B4D5400763131 /* SandboxTool.h */,
				60A817372F9B4D5400763131 /* SandboxTool.m */,
				60A817392F9B4D8000763131 /* ZipTool.h */,
				60A8173A2F9B4D8000763131 /* ZipTool.m */,
				60A8173C2F9B4DA300763131 /* SandboxCleaner.h */,
				60A8173D2F9B4DA300763131 /* SandboxCleaner.m */,
			);
			path = Core;
			sourceTree = "<group>";
		};
		60A8173F2F9B4DCF00763131 /* Rule */ = {
			isa = PBXGroup;
			children = (
				60A817402F9B4DDE00763131 /* SandboxRuleModel.h */,
				60A817412F9B4DDE00763131 /* SandboxRuleModel.m */,
				60A817432F9B4DE800763131 /* RuleEngine.h */,
				60A817442F9B4DE800763131 /* RuleEngine.m */,
				60A817462F9B4DF200763131 /* RuleManager.h */,
				60A817472F9B4DF200763131 /* RuleManager.m */,
			);
			path = Rule;
			sourceTree = "<group>";
		};
		60A817492F9B4DFB00763131 /* Backup */ = {
			isa = PBXGroup;
			children = (
				60A8174A2F9B4E0800763131 /* BackupModel.h */,
				60A8174B2F9B4E0800763131 /* BackupModel.m */,
				60A8174D2F9B4E1300763131 /* BackupManager.h */,
				60A8174E2F9B4E1300763131 /* BackupManager.m */,
			);
			path = Backup;
			sourceTree = "<group>";
		};
		60A817502F9B4E1B00763131 /* UI */ = {
			isa = PBXGroup;
			children = (
				60A817512F9B4E3800763131 /* SandboxMenuView.h */,
				60A817522F9B4E3800763131 /* SandboxMenuView.m */,
				60A817572F9B4E5900763131 /* BackupListVC.h */,
				60A817582F9B4E5900763131 /* BackupListVC.m */,
				60A8175A2F9B4E6A00763131 /* RuleListVC.h */,
				60A8175B2F9B4E6A00763131 /* RuleListVC.m */,
				60A817732F9B542500763131 /* AddRuleViewController.h */,
				60A817742F9B542500763131 /* AddRuleViewController.m */,
			);
			path = UI;
			sourceTree = "<group>";
		};
		60A8175D2F9B4E7900763131 /* Inject */ = {
			isa = PBXGroup;
			children = (
				60A81AA72F9BB64600763131 /* TopGestureManager.h */,
				60A81AA62F9BB64500763131 /* TopGestureManager.m */,
			);
			path = Inject;
			sourceTree = "<group>";
		};
		60A817642F9B501800763131 /* SVProgressHUD */ = {
			isa = PBXGroup;
			children = (
				60A817652F9B501900763131 /* SVRadialGradientLayer.m */,
				60A817662F9B501900763131 /* SVIndefiniteAnimatedView.h */,
				60A817672F9B501900763131 /* SVProgressHUD.h */,
				60A817682F9B501900763131 /* include */,
				60A817692F9B501900763131 /* SVProgressAnimatedView.m */,
				60A8176A2F9B501900763131 /* SVProgressHUD-Prefix.pch */,
				60A8176B2F9B501900763131 /* SVRadialGradientLayer.h */,
				60A8176C2F9B501900763131 /* SVProgressHUD.m */,
				60A8176D2F9B501900763131 /* SVIndefiniteAnimatedView.m */,
				60A8176E2F9B501900763131 /* SVProgressAnimatedView.h */,
			);
			path = SVProgressHUD;
			sourceTree = "<group>";
		};
		60A817682F9B501900763131 /* include */ = {
			isa = PBXGroup;
			children = (
			);
			path = include;
			sourceTree = "<group>";
		};
		60A817762F9B58B900763131 /* UNZip */ = {
			isa = PBXGroup;
			children = (
				60A817772F9B58B900763131 /* minizip */,
				60A817812F9B58B900763131 /* SSZipArchive.h */,
				60A817822F9B58B900763131 /* UNZip-Prefix.pch */,
				60A817832F9B58B900763131 /* SSZipArchive.m */,
			);
			path = UNZip;
			sourceTree = "<group>";
		};
		60A817772F9B58B900763131 /* minizip */ = {
			isa = PBXGroup;
			children = (
				60A817782F9B58B900763131 /* unzip.c */,
				60A817792F9B58B900763131 /* zip.c */,
				60A8177A2F9B58B900763131 /* ioapi.c */,
				60A8177B2F9B58B900763131 /* mztools.c */,
				60A8177C2F9B58B900763131 /* crypt.h */,
				60A8177D2F9B58B900763131 /* zip.h */,
				60A8177E2F9B58B900763131 /* unzip.h */,
				60A8177F2F9B58B900763131 /* mztools.h */,
				60A817802F9B58B900763131 /* ioapi.h */,
			);
			path = minizip;
			sourceTree = "<group>";
		};
/* End PBXGroup section */

/* Begin PBXNativeTarget section */
		60A816F02F9B4BF100763131 /* zipDocuments */ = {
			isa = PBXNativeTarget;
			buildConfigurationList = 60A817202F9B4BF300763131 /* Build configuration list for PBXNativeTarget "zipDocuments" */;
			buildPhases = (
				60A816ED2F9B4BF100763131 /* Sources */,
				60A816EE2F9B4BF100763131 /* Frameworks */,
				60A816EF2F9B4BF100763131 /* Resources */,
			);
			buildRules = (
			);
			dependencies = (
			);
			name = zipDocuments;
			productName = zipDocuments;
			productReference = 60A816F12F9B4BF100763131 /* zipDocuments.app */;
			productType = "com.apple.product-type.application";
		};
		60A8170B2F9B4BF300763131 /* zipDocumentsTests */ = {
			isa = PBXNativeTarget;
			buildConfigurationList = 60A817232F9B4BF300763131 /* Build configuration list for PBXNativeTarget "zipDocumentsTests" */;
			buildPhases = (
				60A817082F9B4BF300763131 /* Sources */,
				60A817092F9B4BF300763131 /* Frameworks */,
				60A8170A2F9B4BF300763131 /* Resources */,
			);
			buildRules = (
			);
			dependencies = (
				60A8170E2F9B4BF300763131 /* PBXTargetDependency */,
			);
			name = zipDocumentsTests;
			productName = zipDocumentsTests;
			productReference = 60A8170C2F9B4BF300763131 /* zipDocumentsTests.xctest */;
			productType = "com.apple.product-type.bundle.unit-test";
		};
		60A817152F9B4BF300763131 /* zipDocumentsUITests */ = {
			isa = PBXNativeTarget;
			buildConfigurationList = 60A817262F9B4BF300763131 /* Build configuration list for PBXNativeTarget "zipDocumentsUITests" */;
			buildPhases = (
				60A817122F9B4BF300763131 /* Sources */,
				60A817132F9B4BF300763131 /* Frameworks */,
				60A817142F9B4BF300763131 /* Resources */,
			);
			buildRules = (
			);
			dependencies = (
				60A817182F9B4BF300763131 /* PBXTargetDependency */,
			);
			name = zipDocumentsUITests;
			productName = zipDocumentsUITests;
			productReference = 60A817162F9B4BF300763131 /* zipDocumentsUITests.xctest */;
			productType = "com.apple.product-type.bundle.ui-testing";
		};
/* End PBXNativeTarget section */

/* Begin PBXProject section */
		60A816E92F9B4BF100763131 /* Project object */ = {
			isa = PBXProject;
			attributes = {
				BuildIndependentTargetsInParallel = 1;
				LastUpgradeCheck = 1520;
				TargetAttributes = {
					60A816F02F9B4BF100763131 = {
						CreatedOnToolsVersion = 15.2;
					};
					60A8170B2F9B4BF300763131 = {
						CreatedOnToolsVersion = 15.2;
						TestTargetID = 60A816F02F9B4BF100763131;
					};
					60A817152F9B4BF300763131 = {
						CreatedOnToolsVersion = 15.2;
						TestTargetID = 60A816F02F9B4BF100763131;
					};
				};
			};
			buildConfigurationList = 60A816EC2F9B4BF100763131 /* Build configuration list for PBXProject "zipDocuments" */;
			compatibilityVersion = "Xcode 14.0";
			developmentRegion = en;
			hasScannedForEncodings = 0;
			knownRegions = (
				en,
				Base,
			);
			mainGroup = 60A816E82F9B4BF100763131;
			productRefGroup = 60A816F22F9B4BF100763131 /* Products */;
			projectDirPath = "";
			projectRoot = "";
			targets = (
				60A816F02F9B4BF100763131 /* zipDocuments */,
				60A8170B2F9B4BF300763131 /* zipDocumentsTests */,
				60A817152F9B4BF300763131 /* zipDocumentsUITests */,
			);
		};
/* End PBXProject section */

/* Begin PBXResourcesBuildPhase section */
		60A816EF2F9B4BF100763131 /* Resources */ = {
			isa = PBXResourcesBuildPhase;
			buildActionMask = 2147483647;
			files = (
				60A817042F9B4BF300763131 /* LaunchScreen.storyboard in Resources */,
				60A817012F9B4BF300763131 /* Assets.xcassets in Resources */,
				60A816FF2F9B4BF100763131 /* Main.storyboard in Resources */,
			);
			runOnlyForDeploymentPostprocessing = 0;
		};
		60A8170A2F9B4BF300763131 /* Resources */ = {
			isa = PBXResourcesBuildPhase;
			buildActionMask = 2147483647;
			files = (
			);
			runOnlyForDeploymentPostprocessing = 0;
		};
		60A817142F9B4BF300763131 /* Resources */ = {
			isa = PBXResourcesBuildPhase;
			buildActionMask = 2147483647;
			files = (
			);
			runOnlyForDeploymentPostprocessing = 0;
		};
/* End PBXResourcesBuildPhase section */

/* Begin PBXSourcesBuildPhase section */
		60A816ED2F9B4BF100763131 /* Sources */ = {
			isa = PBXSourcesBuildPhase;
			buildActionMask = 2147483647;
			files = (
				60A816FC2F9B4BF100763131 /* ViewController.m in Sources */,
				60A8176F2F9B501900763131 /* SVRadialGradientLayer.m in Sources */,
				60A817382F9B4D5400763131 /* SandboxTool.m in Sources */,
				60A816F62F9B4BF100763131 /* AppDelegate.m in Sources */,
				60A817722F9B501900763131 /* SVIndefiniteAnimatedView.m in Sources */,
				60A8175C2F9B4E6A00763131 /* RuleListVC.m in Sources */,
				60A8174C2F9B4E0800763131 /* BackupModel.m in Sources */,
				60A817072F9B4BF300763131 /* main.m in Sources */,
				60A817852F9B58B900763131 /* zip.c in Sources */,
				60A816F92F9B4BF100763131 /* SceneDelegate.m in Sources */,
				60A817882F9B58B900763131 /* SSZipArchive.m in Sources */,
				60A817422F9B4DDE00763131 /* SandboxRuleModel.m in Sources */,
				60A817872F9B58B900763131 /* mztools.c in Sources */,
				60A817702F9B501900763131 /* SVProgressAnimatedView.m in Sources */,
				60A8174F2F9B4E1300763131 /* BackupManager.m in Sources */,
				60A8173E2F9B4DA300763131 /* SandboxCleaner.m in Sources */,
				60A817532F9B4E3800763131 /* SandboxMenuView.m in Sources */,
				60A81AA82F9BB64600763131 /* TopGestureManager.m in Sources */,
				60A817752F9B542500763131 /* AddRuleViewController.m in Sources */,
				60A817592F9B4E5900763131 /* BackupListVC.m in Sources */,
				60A817452F9B4DE800763131 /* RuleEngine.m in Sources */,
				60A817712F9B501900763131 /* SVProgressHUD.m in Sources */,
				60A8173B2F9B4D8000763131 /* ZipTool.m in Sources */,
				60A817842F9B58B900763131 /* unzip.c in Sources */,
				60A817482F9B4DF200763131 /* RuleManager.m in Sources */,
				60A817862F9B58B900763131 /* ioapi.c in Sources */,
			);
			runOnlyForDeploymentPostprocessing = 0;
		};
		60A817082F9B4BF300763131 /* Sources */ = {
			isa = PBXSourcesBuildPhase;
			buildActionMask = 2147483647;
			files = (
				60A817112F9B4BF300763131 /* zipDocumentsTests.m in Sources */,
			);
			runOnlyForDeploymentPostprocessing = 0;
		};
		60A817122F9B4BF300763131 /* Sources */ = {
			isa = PBXSourcesBuildPhase;
			buildActionMask = 2147483647;
			files = (
				60A8171D2F9B4BF300763131 /* zipDocumentsUITestsLaunchTests.m in Sources */,
				60A8171B2F9B4BF300763131 /* zipDocumentsUITests.m in Sources */,
			);
			runOnlyForDeploymentPostprocessing = 0;
		};
/* End PBXSourcesBuildPhase section */

/* Begin PBXTargetDependency section */
		60A8170E2F9B4BF300763131 /* PBXTargetDependency */ = {
			isa = PBXTargetDependency;
			target = 60A816F02F9B4BF100763131 /* zipDocuments */;
			targetProxy = 60A8170D2F9B4BF300763131 /* PBXContainerItemProxy */;
		};
		60A817182F9B4BF300763131 /* PBXTargetDependency */ = {
			isa = PBXTargetDependency;
			target = 60A816F02F9B4BF100763131 /* zipDocuments */;
			targetProxy = 60A817172F9B4BF300763131 /* PBXContainerItemProxy */;
		};
/* End PBXTargetDependency section */

/* Begin PBXVariantGroup section */
		60A816FD2F9B4BF100763131 /* Main.storyboard */ = {
			isa = PBXVariantGroup;
			children = (
				60A816FE2F9B4BF100763131 /* Base */,
			);
			name = Main.storyboard;
			sourceTree = "<group>";
		};
		60A817022F9B4BF300763131 /* LaunchScreen.storyboard */ = {
			isa = PBXVariantGroup;
			children = (
				60A817032F9B4BF300763131 /* Base */,
			);
			name = LaunchScreen.storyboard;
			sourceTree = "<group>";
		};
/* End PBXVariantGroup section */

/* Begin XCBuildConfiguration section */
		60A8171E2F9B4BF300763131 /* Debug */ = {
			isa = XCBuildConfiguration;
			buildSettings = {
				ALWAYS_SEARCH_USER_PATHS = NO;
				ASSETCATALOG_COMPILER_GENERATE_SWIFT_ASSET_SYMBOL_EXTENSIONS = YES;
				CLANG_ANALYZER_NONNULL = YES;
				CLANG_ANALYZER_NUMBER_OBJECT_CONVERSION = YES_AGGRESSIVE;
				CLANG_CXX_LANGUAGE_STANDARD = "gnu++20";
				CLANG_ENABLE_MODULES = YES;
				CLANG_ENABLE_OBJC_ARC = YES;
				CLANG_ENABLE_OBJC_WEAK = YES;
				CLANG_WARN_BLOCK_CAPTURE_AUTORELEASING = YES;
				CLANG_WARN_BOOL_CONVERSION = YES;
				CLANG_WARN_COMMA = YES;
				CLANG_WARN_CONSTANT_CONVERSION = YES;
				CLANG_WARN_DEPRECATED_OBJC_IMPLEMENTATIONS = YES;
				CLANG_WARN_DIRECT_OBJC_ISA_USAGE = YES_ERROR;
				CLANG_WARN_DOCUMENTATION_COMMENTS = YES;
				CLANG_WARN_EMPTY_BODY = YES;
				CLANG_WARN_ENUM_CONVERSION = YES;
				CLANG_WARN_INFINITE_RECURSION = YES;
				CLANG_WARN_INT_CONVERSION = YES;
				CLANG_WARN_NON_LITERAL_NULL_CONVERSION = YES;
				CLANG_WARN_OBJC_IMPLICIT_RETAIN_SELF = YES;
				CLANG_WARN_OBJC_LITERAL_CONVERSION = YES;
				CLANG_WARN_OBJC_ROOT_CLASS = YES_ERROR;
				CLANG_WARN_QUOTED_INCLUDE_IN_FRAMEWORK_HEADER = YES;
				CLANG_WARN_RANGE_LOOP_ANALYSIS = YES;
				CLANG_WARN_STRICT_PROTOTYPES = YES;
				CLANG_WARN_SUSPICIOUS_MOVE = YES;
				CLANG_WARN_UNGUARDED_AVAILABILITY = YES_AGGRESSIVE;
				CLANG_WARN_UNREACHABLE_CODE = YES;
				CLANG_WARN__DUPLICATE_METHOD_MATCH = YES;
				COPY_PHASE_STRIP = NO;
				DEBUG_INFORMATION_FORMAT = dwarf;
				ENABLE_STRICT_OBJC_MSGSEND = YES;
				ENABLE_TESTABILITY = YES;
				ENABLE_USER_SCRIPT_SANDBOXING = YES;
				GCC_C_LANGUAGE_STANDARD = gnu17;
				GCC_DYNAMIC_NO_PIC = NO;
				GCC_NO_COMMON_BLOCKS = YES;
				GCC_OPTIMIZATION_LEVEL = 0;
				GCC_PREPROCESSOR_DEFINITIONS = (
					"DEBUG=1",
					"$(inherited)",
				);
				GCC_WARN_64_TO_32_BIT_CONVERSION = YES;
				GCC_WARN_ABOUT_RETURN_TYPE = YES_ERROR;
				GCC_WARN_UNDECLARED_SELECTOR = YES;
				GCC_WARN_UNINITIALIZED_AUTOS = YES_AGGRESSIVE;
				GCC_WARN_UNUSED_FUNCTION = YES;
				GCC_WARN_UNUSED_VARIABLE = YES;
				IPHONEOS_DEPLOYMENT_TARGET = 17.2;
				LOCALIZATION_PREFERS_STRING_CATALOGS = YES;
				MTL_ENABLE_DEBUG_INFO = INCLUDE_SOURCE;
				MTL_FAST_MATH = YES;
				ONLY_ACTIVE_ARCH = YES;
				SDKROOT = iphoneos;
			};
			name = Debug;
		};
		60A8171F2F9B4BF300763131 /* Release */ = {
			isa = XCBuildConfiguration;
			buildSettings = {
				ALWAYS_SEARCH_USER_PATHS = NO;
				ASSETCATALOG_COMPILER_GENERATE_SWIFT_ASSET_SYMBOL_EXTENSIONS = YES;
				CLANG_ANALYZER_NONNULL = YES;
				CLANG_ANALYZER_NUMBER_OBJECT_CONVERSION = YES_AGGRESSIVE;
				CLANG_CXX_LANGUAGE_STANDARD = "gnu++20";
				CLANG_ENABLE_MODULES = YES;
				CLANG_ENABLE_OBJC_ARC = YES;
				CLANG_ENABLE_OBJC_WEAK = YES;
				CLANG_WARN_BLOCK_CAPTURE_AUTORELEASING = YES;
				CLANG_WARN_BOOL_CONVERSION = YES;
				CLANG_WARN_COMMA = YES;
				CLANG_WARN_CONSTANT_CONVERSION = YES;
				CLANG_WARN_DEPRECATED_OBJC_IMPLEMENTATIONS = YES;
				CLANG_WARN_DIRECT_OBJC_ISA_USAGE = YES_ERROR;
				CLANG_WARN_DOCUMENTATION_COMMENTS = YES;
				CLANG_WARN_EMPTY_BODY = YES;
				CLANG_WARN_ENUM_CONVERSION = YES;
				CLANG_WARN_INFINITE_RECURSION = YES;
				CLANG_WARN_INT_CONVERSION = YES;
				CLANG_WARN_NON_LITERAL_NULL_CONVERSION = YES;
				CLANG_WARN_OBJC_IMPLICIT_RETAIN_SELF = YES;
				CLANG_WARN_OBJC_LITERAL_CONVERSION = YES;
				CLANG_WARN_OBJC_ROOT_CLASS = YES_ERROR;
				CLANG_WARN_QUOTED_INCLUDE_IN_FRAMEWORK_HEADER = YES;
				CLANG_WARN_RANGE_LOOP_ANALYSIS = YES;
				CLANG_WARN_STRICT_PROTOTYPES = YES;
				CLANG_WARN_SUSPICIOUS_MOVE = YES;
				CLANG_WARN_UNGUARDED_AVAILABILITY = YES_AGGRESSIVE;
				CLANG_WARN_UNREACHABLE_CODE = YES;
				CLANG_WARN__DUPLICATE_METHOD_MATCH = YES;
				COPY_PHASE_STRIP = NO;
				DEBUG_INFORMATION_FORMAT = "dwarf-with-dsym";
				ENABLE_NS_ASSERTIONS = NO;
				ENABLE_STRICT_OBJC_MSGSEND = YES;
				ENABLE_USER_SCRIPT_SANDBOXING = YES;
				GCC_C_LANGUAGE_STANDARD = gnu17;
				GCC_NO_COMMON_BLOCKS = YES;
				GCC_WARN_64_TO_32_BIT_CONVERSION = YES;
				GCC_WARN_ABOUT_RETURN_TYPE = YES_ERROR;
				GCC_WARN_UNDECLARED_SELECTOR = YES;
				GCC_WARN_UNINITIALIZED_AUTOS = YES_AGGRESSIVE;
				GCC_WARN_UNUSED_FUNCTION = YES;
				GCC_WARN_UNUSED_VARIABLE = YES;
				IPHONEOS_DEPLOYMENT_TARGET = 17.2;
				LOCALIZATION_PREFERS_STRING_CATALOGS = YES;
				MTL_ENABLE_DEBUG_INFO = NO;
				MTL_FAST_MATH = YES;
				SDKROOT = iphoneos;
				VALIDATE_PRODUCT = YES;
			};
			name = Release;
		};
		60A817212F9B4BF300763131 /* Debug */ = {
			isa = XCBuildConfiguration;
			buildSettings = {
				ASSETCATALOG_COMPILER_APPICON_NAME = AppIcon;
				ASSETCATALOG_COMPILER_GLOBAL_ACCENT_COLOR_NAME = AccentColor;
				CODE_SIGN_STYLE = Automatic;
				CURRENT_PROJECT_VERSION = 1;
				DEVELOPMENT_TEAM = 7RVGRL9LRW;
				GENERATE_INFOPLIST_FILE = YES;
				INFOPLIST_FILE = zipDocuments/Info.plist;
				INFOPLIST_KEY_UIApplicationSupportsIndirectInputEvents = YES;
				INFOPLIST_KEY_UILaunchStoryboardName = LaunchScreen;
				INFOPLIST_KEY_UIMainStoryboardFile = Main;
				INFOPLIST_KEY_UISupportedInterfaceOrientations_iPad = "UIInterfaceOrientationPortrait UIInterfaceOrientationPortraitUpsideDown UIInterfaceOrientationLandscapeLeft UIInterfaceOrientationLandscapeRight";
				INFOPLIST_KEY_UISupportedInterfaceOrientations_iPhone = "UIInterfaceOrientationPortrait UIInterfaceOrientationLandscapeLeft UIInterfaceOrientationLandscapeRight";
				IPHONEOS_DEPLOYMENT_TARGET = 14.7;
				LD_RUNPATH_SEARCH_PATHS = (
					"$(inherited)",
					"@executable_path/Frameworks",
				);
				MARKETING_VERSION = 1.0;
				PRODUCT_BUNDLE_IDENTIFIER = shisange.zipDocuments;
				PRODUCT_NAME = "$(TARGET_NAME)";
				SWIFT_EMIT_LOC_STRINGS = YES;
				TARGETED_DEVICE_FAMILY = "1,2";
			};
			name = Debug;
		};
		60A817222F9B4BF300763131 /* Release */ = {
			isa = XCBuildConfiguration;
			buildSettings = {
				ASSETCATALOG_COMPILER_APPICON_NAME = AppIcon;
				ASSETCATALOG_COMPILER_GLOBAL_ACCENT_COLOR_NAME = AccentColor;
				CODE_SIGN_STYLE = Automatic;
				CURRENT_PROJECT_VERSION = 1;
				DEVELOPMENT_TEAM = 7RVGRL9LRW;
				GENERATE_INFOPLIST_FILE = YES;
				INFOPLIST_FILE = zipDocuments/Info.plist;
				INFOPLIST_KEY_UIApplicationSupportsIndirectInputEvents = YES;
				INFOPLIST_KEY_UILaunchStoryboardName = LaunchScreen;
				INFOPLIST_KEY_UIMainStoryboardFile = Main;
				INFOPLIST_KEY_UISupportedInterfaceOrientations_iPad = "UIInterfaceOrientationPortrait UIInterfaceOrientationPortraitUpsideDown UIInterfaceOrientationLandscapeLeft UIInterfaceOrientationLandscapeRight";
				INFOPLIST_KEY_UISupportedInterfaceOrientations_iPhone = "UIInterfaceOrientationPortrait UIInterfaceOrientationLandscapeLeft UIInterfaceOrientationLandscapeRight";
				IPHONEOS_DEPLOYMENT_TARGET = 14.7;
				LD_RUNPATH_SEARCH_PATHS = (
					"$(inherited)",
					"@executable_path/Frameworks",
				);
				MARKETING_VERSION = 1.0;
				PRODUCT_BUNDLE_IDENTIFIER = shisange.zipDocuments;
				PRODUCT_NAME = "$(TARGET_NAME)";
				SWIFT_EMIT_LOC_STRINGS = YES;
				TARGETED_DEVICE_FAMILY = "1,2";
			};
			name = Release;
		};
		60A817242F9B4BF300763131 /* Debug */ = {
			isa = XCBuildConfiguration;
			buildSettings = {
				BUNDLE_LOADER = "$(TEST_HOST)";
				CODE_SIGN_STYLE = Automatic;
				CURRENT_PROJECT_VERSION = 1;
				DEVELOPMENT_TEAM = 7RVGRL9LRW;
				GENERATE_INFOPLIST_FILE = YES;
				IPHONEOS_DEPLOYMENT_TARGET = 17.2;
				MARKETING_VERSION = 1.0;
				PRODUCT_BUNDLE_IDENTIFIER = shisange.zipDocumentsTests;
				PRODUCT_NAME = "$(TARGET_NAME)";
				SWIFT_EMIT_LOC_STRINGS = NO;
				TARGETED_DEVICE_FAMILY = "1,2";
				TEST_HOST = "$(BUILT_PRODUCTS_DIR)/zipDocuments.app/$(BUNDLE_EXECUTABLE_FOLDER_PATH)/zipDocuments";
			};
			name = Debug;
		};
		60A817252F9B4BF300763131 /* Release */ = {
			isa = XCBuildConfiguration;
			buildSettings = {
				BUNDLE_LOADER = "$(TEST_HOST)";
				CODE_SIGN_STYLE = Automatic;
				CURRENT_PROJECT_VERSION = 1;
				DEVELOPMENT_TEAM = 7RVGRL9LRW;
				GENERATE_INFOPLIST_FILE = YES;
				IPHONEOS_DEPLOYMENT_TARGET = 17.2;
				MARKETING_VERSION = 1.0;
				PRODUCT_BUNDLE_IDENTIFIER = shisange.zipDocumentsTests;
				PRODUCT_NAME = "$(TARGET_NAME)";
				SWIFT_EMIT_LOC_STRINGS = NO;
				TARGETED_DEVICE_FAMILY = "1,2";
				TEST_HOST = "$(BUILT_PRODUCTS_DIR)/zipDocuments.app/$(BUNDLE_EXECUTABLE_FOLDER_PATH)/zipDocuments";
			};
			name = Release;
		};
		60A817272F9B4BF300763131 /* Debug */ = {
			isa = XCBuildConfiguration;
			buildSettings = {
				CODE_SIGN_STYLE = Automatic;
				CURRENT_PROJECT_VERSION = 1;
				DEVELOPMENT_TEAM = 7RVGRL9LRW;
				GENERATE_INFOPLIST_FILE = YES;
				MARKETING_VERSION = 1.0;
				PRODUCT_BUNDLE_IDENTIFIER = shisange.zipDocumentsUITests;
				PRODUCT_NAME = "$(TARGET_NAME)";
				SWIFT_EMIT_LOC_STRINGS = NO;
				TARGETED_DEVICE_FAMILY = "1,2";
				TEST_TARGET_NAME = zipDocuments;
			};
			name = Debug;
		};
		60A817282F9B4BF300763131 /* Release */ = {
			isa = XCBuildConfiguration;
			buildSettings = {
				CODE_SIGN_STYLE = Automatic;
				CURRENT_PROJECT_VERSION = 1;
				DEVELOPMENT_TEAM = 7RVGRL9LRW;
				GENERATE_INFOPLIST_FILE = YES;
				MARKETING_VERSION = 1.0;
				PRODUCT_BUNDLE_IDENTIFIER = shisange.zipDocumentsUITests;
				PRODUCT_NAME = "$(TARGET_NAME)";
				SWIFT_EMIT_LOC_STRINGS = NO;
				TARGETED_DEVICE_FAMILY = "1,2";
				TEST_TARGET_NAME = zipDocuments;
			};
			name = Release;
		};
/* End XCBuildConfiguration section */

/* Begin XCConfigurationList section */
		60A816EC2F9B4BF100763131 /* Build configuration list for PBXProject "zipDocuments" */ = {
			isa = XCConfigurationList;
			buildConfigurations = (
				60A8171E2F9B4BF300763131 /* Debug */,
				60A8171F2F9B4BF300763131 /* Release */,
			);
			defaultConfigurationIsVisible = 0;
			defaultConfigurationName = Release;
		};
		60A817202F9B4BF300763131 /* Build configuration list for PBXNativeTarget "zipDocuments" */ = {
			isa = XCConfigurationList;
			buildConfigurations = (
				60A817212F9B4BF300763131 /* Debug */,
				60A817222F9B4BF300763131 /* Release */,
			);
			defaultConfigurationIsVisible = 0;
			defaultConfigurationName = Release;
		};
		60A817232F9B4BF300763131 /* Build configuration list for PBXNativeTarget "zipDocumentsTests" */ = {
			isa = XCConfigurationList;
			buildConfigurations = (
				60A817242F9B4BF300763131 /* Debug */,
				60A817252F9B4BF300763131 /* Release */,
			);
			defaultConfigurationIsVisible = 0;
			defaultConfigurationName = Release;
		};
		60A817262F9B4BF300763131 /* Build configuration list for PBXNativeTarget "zipDocumentsUITests" */ = {
			isa = XCConfigurationList;
			buildConfigurations = (
				60A817272F9B4BF300763131 /* Debug */,
				60A817282F9B4BF300763131 /* Release */,
			);
			defaultConfigurationIsVisible = 0;
			defaultConfigurationName = Release;
		};
/* End XCConfigurationList section */
	};
	rootObject = 60A816E92F9B4BF100763131 /* Project object */;
}
